{
  "requires": true,
  "lockfileVersion": 1,
  "dependencies": {
    "@mdi/font": {
      "version": "2.2.43",
      "resolved": "https://registry.npmjs.org/@mdi/font/-/font-2.2.43.tgz",
      "integrity": "sha512-+EdeAQAZQtJYMxy5ncFQQioFuEw7YNa1q2rb2x+44Z4fnJ/w3O/I8ES8zFZqjXHXnpYG+QLgMuquKTR7BE/srw=="
    },
    "materialize-css": {
      "version": "1.0.0-beta",
      "resolved": "https://registry.npmjs.org/materialize-css/-/materialize-css-1.0.0-beta.tgz",
      "integrity": "sha1-/nm7p/qnfSd1aLKQ4fdbDYxjWSY="
    }
  }
}
